
Microsoft Visual Studio Solution File, Format Version 12.00
Project("{FAE04EC0-301F-11D3-BF4B-00C04F79EFBC}") = "prog7311", "prog7311.csproj", "{9C25558F-1F43-4933-8A6F-8614AF63F4A0}"
EndProject
Global
	GlobalSection(SolutionConfigurationPlatforms) = preSolution
		Debug|Any CPU = Debug|Any CPU
		Release|Any CPU = Release|Any CPU
	EndGlobalSection
	GlobalSection(ProjectConfigurationPlatforms) = postSolution
		{9C25558F-1F43-4933-8A6F-8614AF63F4A0}.Debug|Any CPU.ActiveCfg = Debug|Any CPU
		{9C25558F-1F43-4933-8A6F-8614AF63F4A0}.Debug|Any CPU.Build.0 = Debug|Any CPU
		{9C25558F-1F43-4933-8A6F-8614AF63F4A0}.Release|Any CPU.ActiveCfg = Release|Any CPU
		{9C25558F-1F43-4933-8A6F-8614AF63F4A0}.Release|Any CPU.Build.0 = Release|Any CPU
	EndGlobalSection
EndGlobal
